
Microsoft Visual Studio Solution File, Format Version 12.00
# Visual Studio 2012
Project("{FAE04EC0-301F-11D3-BF4B-00C04F79EFBC}") = "Komodex.Remote (WP8)", "Komodex.Remote (WP8)\Komodex.Remote (WP8).csproj", "{B4BBA32A-DB36-4079-8541-26A1C043EED3}"
EndProject
Project("{FAE04EC0-301F-11D3-BF4B-00C04F79EFBC}") = "Komodex.DACP (WP8)", "Komodex.DACP (WP8)\Komodex.DACP (WP8).csproj", "{382D5F4D-E257-40B3-8D9D-7F21E71E8298}"
EndProject
Project("{2150E333-8FDC-42A3-9474-1A3956D46DE8}") = "CommonLibraries", "CommonLibraries", "{419A1D22-A4E3-4ACF-ADAF-CC95BD1AD4C3}"
EndProject
Project("{FAE04EC0-301F-11D3-BF4B-00C04F79EFBC}") = "Komodex.Common (WP8)", "CommonLibraries\Komodex.Common (WP8)\Komodex.Common (WP8).csproj", "{47446A40-33DF-47E4-9071-23AF4B2C7006}"
EndProject
Project("{FAE04EC0-301F-11D3-BF4B-00C04F79EFBC}") = "Komodex.Common.Phone.UI (WP8)", "CommonLibraries\Komodex.Common.Phone.UI (WP8)\Komodex.Common.Phone.UI (WP8).csproj", "{ED7B21D3-43C4-4699-977F-E6043E4BE516}"
EndProject
Project("{FAE04EC0-301F-11D3-BF4B-00C04F79EFBC}") = "Microsoft.Phone.Controls.Toolkit.WP8", "CommonLibraries\Microsoft.Phone.Controls.Toolkit\Microsoft.Phone.Controls.Toolkit.WP8\Microsoft.Phone.Controls.Toolkit.WP8.csproj", "{486642F0-AB94-4F28-B49C-106CA3134239}"
EndProject
Project("{FAE04EC0-301F-11D3-BF4B-00C04F79EFBC}") = "Clarity.PageTransitions (WP8)", "CommonLibraries\Clarity.PageTransitions (WP8)\Clarity.PageTransitions (WP8).csproj", "{A0C2A02F-A33B-4869-ADC3-1A48743E26B2}"
EndProject
Project("{FAE04EC0-301F-11D3-BF4B-00C04F79EFBC}") = "Komodex.Bonjour (WP8)", "CommonLibraries\Komodex.Bonjour (WP8)\Komodex.Bonjour (WP8).csproj", "{357BA6E8-4239-4C7C-8A92-D5E6A878EB15}"
EndProject
Project("{FAE04EC0-301F-11D3-BF4B-00C04F79EFBC}") = "Komodex.HTTP (WP8)", "CommonLibraries\Komodex.HTTP (WP8)\Komodex.HTTP (WP8).csproj", "{ED2A21FB-464A-4287-9F8B-B308CC35F8C3}"
EndProject
Global
	GlobalSection(SolutionConfigurationPlatforms) = preSolution
		Debug|Any CPU = Debug|Any CPU
		Debug|ARM = Debug|ARM
		Debug|x86 = Debug|x86
		Release|Any CPU = Release|Any CPU
		Release|ARM = Release|ARM
		Release|x86 = Release|x86
	EndGlobalSection
	GlobalSection(ProjectConfigurationPlatforms) = postSolution
		{B4BBA32A-DB36-4079-8541-26A1C043EED3}.Debug|Any CPU.ActiveCfg = Debug|Any CPU
		{B4BBA32A-DB36-4079-8541-26A1C043EED3}.Debug|Any CPU.Build.0 = Debug|Any CPU
		{B4BBA32A-DB36-4079-8541-26A1C043EED3}.Debug|Any CPU.Deploy.0 = Debug|Any CPU
		{B4BBA32A-DB36-4079-8541-26A1C043EED3}.Debug|ARM.ActiveCfg = Debug|ARM
		{B4BBA32A-DB36-4079-8541-26A1C043EED3}.Debug|ARM.Build.0 = Debug|ARM
		{B4BBA32A-DB36-4079-8541-26A1C043EED3}.Debug|ARM.Deploy.0 = Debug|ARM
		{B4BBA32A-DB36-4079-8541-26A1C043EED3}.Debug|x86.ActiveCfg = Debug|x86
		{B4BBA32A-DB36-4079-8541-26A1C043EED3}.Debug|x86.Build.0 = Debug|x86
		{B4BBA32A-DB36-4079-8541-26A1C043EED3}.Debug|x86.Deploy.0 = Debug|x86
		{B4BBA32A-DB36-4079-8541-26A1C043EED3}.Release|Any CPU.ActiveCfg = Release|Any CPU
		{B4BBA32A-DB36-4079-8541-26A1C043EED3}.Release|Any CPU.Build.0 = Release|Any CPU
		{B4BBA32A-DB36-4079-8541-26A1C043EED3}.Release|Any CPU.Deploy.0 = Release|Any CPU
		{B4BBA32A-DB36-4079-8541-26A1C043EED3}.Release|ARM.ActiveCfg = Release|ARM
		{B4BBA32A-DB36-4079-8541-26A1C043EED3}.Release|ARM.Build.0 = Release|ARM
		{B4BBA32A-DB36-4079-8541-26A1C043EED3}.Release|ARM.Deploy.0 = Release|ARM
		{B4BBA32A-DB36-4079-8541-26A1C043EED3}.Release|x86.ActiveCfg = Release|x86
		{B4BBA32A-DB36-4079-8541-26A1C043EED3}.Release|x86.Build.0 = Release|x86
		{B4BBA32A-DB36-4079-8541-26A1C043EED3}.Release|x86.Deploy.0 = Release|x86
		{382D5F4D-E257-40B3-8D9D-7F21E71E8298}.Debug|Any CPU.ActiveCfg = Debug|Any CPU
		{382D5F4D-E257-40B3-8D9D-7F21E71E8298}.Debug|Any CPU.Build.0 = Debug|Any CPU
		{382D5F4D-E257-40B3-8D9D-7F21E71E8298}.Debug|ARM.ActiveCfg = Debug|ARM
		{382D5F4D-E257-40B3-8D9D-7F21E71E8298}.Debug|ARM.Build.0 = Debug|ARM
		{382D5F4D-E257-40B3-8D9D-7F21E71E8298}.Debug|x86.ActiveCfg = Debug|x86
		{382D5F4D-E257-40B3-8D9D-7F21E71E8298}.Debug|x86.Build.0 = Debug|x86
		{382D5F4D-E257-40B3-8D9D-7F21E71E8298}.Release|Any CPU.ActiveCfg = Release|Any CPU
		{382D5F4D-E257-40B3-8D9D-7F21E71E8298}.Release|Any CPU.Build.0 = Release|Any CPU
		{382D5F4D-E257-40B3-8D9D-7F21E71E8298}.Release|ARM.ActiveCfg = Release|ARM
		{382D5F4D-E257-40B3-8D9D-7F21E71E8298}.Release|ARM.Build.0 = Release|ARM
		{382D5F4D-E257-40B3-8D9D-7F21E71E8298}.Release|x86.ActiveCfg = Release|x86
		{382D5F4D-E257-40B3-8D9D-7F21E71E8298}.Release|x86.Build.0 = Release|x86
		{47446A40-33DF-47E4-9071-23AF4B2C7006}.Debug|Any CPU.ActiveCfg = Debug|Any CPU
		{47446A40-33DF-47E4-9071-23AF4B2C7006}.Debug|Any CPU.Build.0 = Debug|Any CPU
		{47446A40-33DF-47E4-9071-23AF4B2C7006}.Debug|ARM.ActiveCfg = Debug|ARM
		{47446A40-33DF-47E4-9071-23AF4B2C7006}.Debug|ARM.Build.0 = Debug|ARM
		{47446A40-33DF-47E4-9071-23AF4B2C7006}.Debug|x86.ActiveCfg = Debug|x86
		{47446A40-33DF-47E4-9071-23AF4B2C7006}.Debug|x86.Build.0 = Debug|x86
		{47446A40-33DF-47E4-9071-23AF4B2C7006}.Release|Any CPU.ActiveCfg = Release|Any CPU
		{47446A40-33DF-47E4-9071-23AF4B2C7006}.Release|Any CPU.Build.0 = Release|Any CPU
		{47446A40-33DF-47E4-9071-23AF4B2C7006}.Release|ARM.ActiveCfg = Release|ARM
		{47446A40-33DF-47E4-9071-23AF4B2C7006}.Release|ARM.Build.0 = Release|ARM
		{47446A40-33DF-47E4-9071-23AF4B2C7006}.Release|x86.ActiveCfg = Release|x86
		{47446A40-33DF-47E4-9071-23AF4B2C7006}.Release|x86.Build.0 = Release|x86
		{ED7B21D3-43C4-4699-977F-E6043E4BE516}.Debug|Any CPU.ActiveCfg = Debug|Any CPU
		{ED7B21D3-43C4-4699-977F-E6043E4BE516}.Debug|Any CPU.Build.0 = Debug|Any CPU
		{ED7B21D3-43C4-4699-977F-E6043E4BE516}.Debug|ARM.ActiveCfg = Debug|ARM
		{ED7B21D3-43C4-4699-977F-E6043E4BE516}.Debug|ARM.Build.0 = Debug|ARM
		{ED7B21D3-43C4-4699-977F-E6043E4BE516}.Debug|x86.ActiveCfg = Debug|x86
		{ED7B21D3-43C4-4699-977F-E6043E4BE516}.Debug|x86.Build.0 = Debug|x86
		{ED7B21D3-43C4-4699-977F-E6043E4BE516}.Release|Any CPU.ActiveCfg = Release|Any CPU
		{ED7B21D3-43C4-4699-977F-E6043E4BE516}.Release|Any CPU.Build.0 = Release|Any CPU
		{ED7B21D3-43C4-4699-977F-E6043E4BE516}.Release|ARM.ActiveCfg = Release|ARM
		{ED7B21D3-43C4-4699-977F-E6043E4BE516}.Release|ARM.Build.0 = Release|ARM
		{ED7B21D3-43C4-4699-977F-E6043E4BE516}.Release|x86.ActiveCfg = Release|x86
		{ED7B21D3-43C4-4699-977F-E6043E4BE516}.Release|x86.Build.0 = Release|x86
		{486642F0-AB94-4F28-B49C-106CA3134239}.Debug|Any CPU.ActiveCfg = Debug|Any CPU
		{486642F0-AB94-4F28-B49C-106CA3134239}.Debug|Any CPU.Build.0 = Debug|Any CPU
		{486642F0-AB94-4F28-B49C-106CA3134239}.Debug|ARM.ActiveCfg = Debug|ARM
		{486642F0-AB94-4F28-B49C-106CA3134239}.Debug|ARM.Build.0 = Debug|ARM
		{486642F0-AB94-4F28-B49C-106CA3134239}.Debug|x86.ActiveCfg = Debug|x86
		{486642F0-AB94-4F28-B49C-106CA3134239}.Debug|x86.Build.0 = Debug|x86
		{486642F0-AB94-4F28-B49C-106CA3134239}.Release|Any CPU.ActiveCfg = Release|Any CPU
		{486642F0-AB94-4F28-B49C-106CA3134239}.Release|Any CPU.Build.0 = Release|Any CPU
		{486642F0-AB94-4F28-B49C-106CA3134239}.Release|ARM.ActiveCfg = Release|ARM
		{486642F0-AB94-4F28-B49C-106CA3134239}.Release|ARM.Build.0 = Release|ARM
		{486642F0-AB94-4F28-B49C-106CA3134239}.Release|x86.ActiveCfg = Release|x86
		{486642F0-AB94-4F28-B49C-106CA3134239}.Release|x86.Build.0 = Release|x86
		{A0C2A02F-A33B-4869-ADC3-1A48743E26B2}.Debug|Any CPU.ActiveCfg = Debug|Any CPU
		{A0C2A02F-A33B-4869-ADC3-1A48743E26B2}.Debug|Any CPU.Build.0 = Debug|Any CPU
		{A0C2A02F-A33B-4869-ADC3-1A48743E26B2}.Debug|ARM.ActiveCfg = Debug|ARM
		{A0C2A02F-A33B-4869-ADC3-1A48743E26B2}.Debug|ARM.Build.0 = Debug|ARM
		{A0C2A02F-A33B-4869-ADC3-1A48743E26B2}.Debug|x86.ActiveCfg = Debug|x86
		{A0C2A02F-A33B-4869-ADC3-1A48743E26B2}.Debug|x86.Build.0 = Debug|x86
		{A0C2A02F-A33B-4869-ADC3-1A48743E26B2}.Release|Any CPU.ActiveCfg = Release|Any CPU
		{A0C2A02F-A33B-4869-ADC3-1A48743E26B2}.Release|Any CPU.Build.0 = Release|Any CPU
		{A0C2A02F-A33B-4869-ADC3-1A48743E26B2}.Release|ARM.ActiveCfg = Release|ARM
		{A0C2A02F-A33B-4869-ADC3-1A48743E26B2}.Release|ARM.Build.0 = Release|ARM
		{A0C2A02F-A33B-4869-ADC3-1A48743E26B2}.Release|x86.ActiveCfg = Release|x86
		{A0C2A02F-A33B-4869-ADC3-1A48743E26B2}.Release|x86.Build.0 = Release|x86
		{357BA6E8-4239-4C7C-8A92-D5E6A878EB15}.Debug|Any CPU.ActiveCfg = Debug|Any CPU
		{357BA6E8-4239-4C7C-8A92-D5E6A878EB15}.Debug|Any CPU.Build.0 = Debug|Any CPU
		{357BA6E8-4239-4C7C-8A92-D5E6A878EB15}.Debug|ARM.ActiveCfg = Debug|ARM
		{357BA6E8-4239-4C7C-8A92-D5E6A878EB15}.Debug|ARM.Build.0 = Debug|ARM
		{357BA6E8-4239-4C7C-8A92-D5E6A878EB15}.Debug|x86.ActiveCfg = Debug|x86
		{357BA6E8-4239-4C7C-8A92-D5E6A878EB15}.Debug|x86.Build.0 = Debug|x86
		{357BA6E8-4239-4C7C-8A92-D5E6A878EB15}.Release|Any CPU.ActiveCfg = Release|Any CPU
		{357BA6E8-4239-4C7C-8A92-D5E6A878EB15}.Release|Any CPU.Build.0 = Release|Any CPU
		{357BA6E8-4239-4C7C-8A92-D5E6A878EB15}.Release|ARM.ActiveCfg = Release|ARM
		{357BA6E8-4239-4C7C-8A92-D5E6A878EB15}.Release|ARM.Build.0 = Release|ARM
		{357BA6E8-4239-4C7C-8A92-D5E6A878EB15}.Release|x86.ActiveCfg = Release|x86
		{357BA6E8-4239-4C7C-8A92-D5E6A878EB15}.Release|x86.Build.0 = Release|x86
		{ED2A21FB-464A-4287-9F8B-B308CC35F8C3}.Debug|Any CPU.ActiveCfg = Debug|Any CPU
		{ED2A21FB-464A-4287-9F8B-B308CC35F8C3}.Debug|Any CPU.Build.0 = Debug|Any CPU
		{ED2A21FB-464A-4287-9F8B-B308CC35F8C3}.Debug|ARM.ActiveCfg = Debug|ARM
		{ED2A21FB-464A-4287-9F8B-B308CC35F8C3}.Debug|ARM.Build.0 = Debug|ARM
		{ED2A21FB-464A-4287-9F8B-B308CC35F8C3}.Debug|x86.ActiveCfg = Debug|x86
		{ED2A21FB-464A-4287-9F8B-B308CC35F8C3}.Debug|x86.Build.0 = Debug|x86
		{ED2A21FB-464A-4287-9F8B-B308CC35F8C3}.Release|Any CPU.ActiveCfg = Release|Any CPU
		{ED2A21FB-464A-4287-9F8B-B308CC35F8C3}.Release|Any CPU.Build.0 = Release|Any CPU
		{ED2A21FB-464A-4287-9F8B-B308CC35F8C3}.Release|ARM.ActiveCfg = Release|ARM
		{ED2A21FB-464A-4287-9F8B-B308CC35F8C3}.Release|ARM.Build.0 = Release|ARM
		{ED2A21FB-464A-4287-9F8B-B308CC35F8C3}.Release|x86.ActiveCfg = Release|x86
		{ED2A21FB-464A-4287-9F8B-B308CC35F8C3}.Release|x86.Build.0 = Release|x86
	EndGlobalSection
	GlobalSection(SolutionProperties) = preSolution
		HideSolutionNode = FALSE
	EndGlobalSection
	GlobalSection(NestedProjects) = preSolution
		{47446A40-33DF-47E4-9071-23AF4B2C7006} = {419A1D22-A4E3-4ACF-ADAF-CC95BD1AD4C3}
		{ED7B21D3-43C4-4699-977F-E6043E4BE516} = {419A1D22-A4E3-4ACF-ADAF-CC95BD1AD4C3}
		{486642F0-AB94-4F28-B49C-106CA3134239} = {419A1D22-A4E3-4ACF-ADAF-CC95BD1AD4C3}
		{A0C2A02F-A33B-4869-ADC3-1A48743E26B2} = {419A1D22-A4E3-4ACF-ADAF-CC95BD1AD4C3}
		{357BA6E8-4239-4C7C-8A92-D5E6A878EB15} = {419A1D22-A4E3-4ACF-ADAF-CC95BD1AD4C3}
		{ED2A21FB-464A-4287-9F8B-B308CC35F8C3} = {419A1D22-A4E3-4ACF-ADAF-CC95BD1AD4C3}
	EndGlobalSection
EndGlobal
