
Microsoft Visual Studio Solution File, Format Version 11.00
# Visual Studio 2010
Project("{FAE04EC0-301F-11D3-BF4B-00C04F79EFBC}") = "Komodex.CommonLibrariesTestApp", "TestApps\WP7\Komodex.CommonLibrariesTestApp\Komodex.CommonLibrariesTestApp.csproj", "{4E006A74-9C6F-4518-92F9-8F2CDF05DF80}"
EndProject
Project("{FAE04EC0-301F-11D3-BF4B-00C04F79EFBC}") = "Komodex.CommonLibrariesTestApp.BackgroundAgent", "TestApps\WP7\Komodex.CommonLibrariesTestApp.BackgroundAgent\Komodex.CommonLibrariesTestApp.BackgroundAgent.csproj", "{EFD5EC9B-298C-4D94-9105-284E6BCE7222}"
EndProject
Project("{2150E333-8FDC-42A3-9474-1A3956D46DE8}") = "Libraries", "Libraries", "{E17DE72D-C0C3-40C3-9058-26B9A198E3F1}"
EndProject
Project("{FAE04EC0-301F-11D3-BF4B-00C04F79EFBC}") = "Komodex.Common (WP7)", "Libraries\Komodex.Common (WP7)\Komodex.Common (WP7).csproj", "{F4CDB590-7DE0-4BC0-8132-CC2BAC19D717}"
EndProject
Project("{FAE04EC0-301F-11D3-BF4B-00C04F79EFBC}") = "Komodex.Common.Phone.UI (WP7)", "Libraries\Komodex.Common.Phone.UI (WP7)\Komodex.Common.Phone.UI (WP7).csproj", "{5875BE74-8A86-4235-919E-1DAEC3F3BD5F}"
EndProject
Project("{FAE04EC0-301F-11D3-BF4B-00C04F79EFBC}") = "Clarity.PageTransitions", "Libraries\Clarity.PageTransitions\Clarity.PageTransitions.csproj", "{6CA892BF-E192-4A00-A126-02F391C07556}"
EndProject
Project("{FAE04EC0-301F-11D3-BF4B-00C04F79EFBC}") = "Microsoft.Phone.Controls.Toolkit", "Libraries\Microsoft.Phone.Controls.Toolkit\Microsoft.Phone.Controls.Toolkit\Microsoft.Phone.Controls.Toolkit.csproj", "{0754458A-7AFC-463A-B27D-2F6980522119}"
EndProject
Project("{FAE04EC0-301F-11D3-BF4B-00C04F79EFBC}") = "Komodex.Bonjour (WP7)", "Libraries\Komodex.Bonjour (WP7)\Komodex.Bonjour (WP7).csproj", "{41FC9483-C6E8-4DD1-B829-F33958E0D6BB}"
EndProject
Global
	GlobalSection(SolutionConfigurationPlatforms) = preSolution
		Debug|Any CPU = Debug|Any CPU
		Release|Any CPU = Release|Any CPU
	EndGlobalSection
	GlobalSection(ProjectConfigurationPlatforms) = postSolution
		{4E006A74-9C6F-4518-92F9-8F2CDF05DF80}.Debug|Any CPU.ActiveCfg = Debug|Any CPU
		{4E006A74-9C6F-4518-92F9-8F2CDF05DF80}.Debug|Any CPU.Build.0 = Debug|Any CPU
		{4E006A74-9C6F-4518-92F9-8F2CDF05DF80}.Debug|Any CPU.Deploy.0 = Debug|Any CPU
		{4E006A74-9C6F-4518-92F9-8F2CDF05DF80}.Release|Any CPU.ActiveCfg = Release|Any CPU
		{4E006A74-9C6F-4518-92F9-8F2CDF05DF80}.Release|Any CPU.Build.0 = Release|Any CPU
		{4E006A74-9C6F-4518-92F9-8F2CDF05DF80}.Release|Any CPU.Deploy.0 = Release|Any CPU
		{EFD5EC9B-298C-4D94-9105-284E6BCE7222}.Debug|Any CPU.ActiveCfg = Debug|Any CPU
		{EFD5EC9B-298C-4D94-9105-284E6BCE7222}.Debug|Any CPU.Build.0 = Debug|Any CPU
		{EFD5EC9B-298C-4D94-9105-284E6BCE7222}.Release|Any CPU.ActiveCfg = Release|Any CPU
		{EFD5EC9B-298C-4D94-9105-284E6BCE7222}.Release|Any CPU.Build.0 = Release|Any CPU
		{F4CDB590-7DE0-4BC0-8132-CC2BAC19D717}.Debug|Any CPU.ActiveCfg = Debug|Any CPU
		{F4CDB590-7DE0-4BC0-8132-CC2BAC19D717}.Debug|Any CPU.Build.0 = Debug|Any CPU
		{F4CDB590-7DE0-4BC0-8132-CC2BAC19D717}.Release|Any CPU.ActiveCfg = Release|Any CPU
		{F4CDB590-7DE0-4BC0-8132-CC2BAC19D717}.Release|Any CPU.Build.0 = Release|Any CPU
		{5875BE74-8A86-4235-919E-1DAEC3F3BD5F}.Debug|Any CPU.ActiveCfg = Debug|Any CPU
		{5875BE74-8A86-4235-919E-1DAEC3F3BD5F}.Debug|Any CPU.Build.0 = Debug|Any CPU
		{5875BE74-8A86-4235-919E-1DAEC3F3BD5F}.Release|Any CPU.ActiveCfg = Release|Any CPU
		{5875BE74-8A86-4235-919E-1DAEC3F3BD5F}.Release|Any CPU.Build.0 = Release|Any CPU
		{6CA892BF-E192-4A00-A126-02F391C07556}.Debug|Any CPU.ActiveCfg = Debug|Any CPU
		{6CA892BF-E192-4A00-A126-02F391C07556}.Debug|Any CPU.Build.0 = Debug|Any CPU
		{6CA892BF-E192-4A00-A126-02F391C07556}.Release|Any CPU.ActiveCfg = Release|Any CPU
		{6CA892BF-E192-4A00-A126-02F391C07556}.Release|Any CPU.Build.0 = Release|Any CPU
		{0754458A-7AFC-463A-B27D-2F6980522119}.Debug|Any CPU.ActiveCfg = Debug|Any CPU
		{0754458A-7AFC-463A-B27D-2F6980522119}.Debug|Any CPU.Build.0 = Debug|Any CPU
		{0754458A-7AFC-463A-B27D-2F6980522119}.Release|Any CPU.ActiveCfg = Release|Any CPU
		{0754458A-7AFC-463A-B27D-2F6980522119}.Release|Any CPU.Build.0 = Release|Any CPU
		{41FC9483-C6E8-4DD1-B829-F33958E0D6BB}.Debug|Any CPU.ActiveCfg = Debug|Any CPU
		{41FC9483-C6E8-4DD1-B829-F33958E0D6BB}.Debug|Any CPU.Build.0 = Debug|Any CPU
		{41FC9483-C6E8-4DD1-B829-F33958E0D6BB}.Release|Any CPU.ActiveCfg = Release|Any CPU
		{41FC9483-C6E8-4DD1-B829-F33958E0D6BB}.Release|Any CPU.Build.0 = Release|Any CPU
	EndGlobalSection
	GlobalSection(SolutionProperties) = preSolution
		HideSolutionNode = FALSE
	EndGlobalSection
	GlobalSection(NestedProjects) = preSolution
		{F4CDB590-7DE0-4BC0-8132-CC2BAC19D717} = {E17DE72D-C0C3-40C3-9058-26B9A198E3F1}
		{5875BE74-8A86-4235-919E-1DAEC3F3BD5F} = {E17DE72D-C0C3-40C3-9058-26B9A198E3F1}
		{6CA892BF-E192-4A00-A126-02F391C07556} = {E17DE72D-C0C3-40C3-9058-26B9A198E3F1}
		{0754458A-7AFC-463A-B27D-2F6980522119} = {E17DE72D-C0C3-40C3-9058-26B9A198E3F1}
		{41FC9483-C6E8-4DD1-B829-F33958E0D6BB} = {E17DE72D-C0C3-40C3-9058-26B9A198E3F1}
	EndGlobalSection
	GlobalSection(ExtensibilityGlobals) = postSolution
		VisualSVNWorkingCopyRoot = .
	EndGlobalSection
EndGlobal
