
Microsoft Visual Studio Solution File, Format Version 12.00
# Visual Studio 2013
VisualStudioVersion = 12.0.30324.0
MinimumVisualStudioVersion = 10.0.40219.1
Project("{2150E333-8FDC-42A3-9474-1A3956D46DE8}") = "Komodex.TestApp", "Komodex.TestApp", "{8078CF93-3919-4083-AF2E-6FD1CBB0B875}"
EndProject
Project("{D954291E-2A0B-460D-934E-DC6B0785DB48}") = "Komodex.TestApp.Shared", "TestApps\Universal\Komodex.TestApp\Komodex.TestApp.Shared\Komodex.TestApp.Shared.shproj", "{384E692C-474B-4FC8-B8C9-7F5E368A9C19}"
EndProject
Project("{FAE04EC0-301F-11D3-BF4B-00C04F79EFBC}") = "Komodex.TestApp.Windows", "TestApps\Universal\Komodex.TestApp\Komodex.TestApp.Windows\Komodex.TestApp.Windows.csproj", "{3B0DF3FE-8108-46A6-94FD-CC3C137E7667}"
EndProject
Project("{FAE04EC0-301F-11D3-BF4B-00C04F79EFBC}") = "Komodex.TestApp.WindowsPhone", "TestApps\Universal\Komodex.TestApp\Komodex.TestApp.WindowsPhone\Komodex.TestApp.WindowsPhone.csproj", "{8233D3B4-89AE-496D-9548-D22A729C8C9B}"
EndProject
Project("{2150E333-8FDC-42A3-9474-1A3956D46DE8}") = "UniversalLibraries", "UniversalLibraries", "{505FF039-0326-4601-8524-6995262355F1}"
EndProject
Project("{FAE04EC0-301F-11D3-BF4B-00C04F79EFBC}") = "Komodex.Common", "UniversalLibraries\Komodex.Common\Komodex.Common.csproj", "{A203E317-805E-4860-A961-8BC5488B3096}"
EndProject
Project("{FAE04EC0-301F-11D3-BF4B-00C04F79EFBC}") = "Komodex.Http", "UniversalLibraries\Komodex.Http\Komodex.Http.csproj", "{710285BA-2B4E-4E80-A48C-2249E08E3580}"
EndProject
Global
	GlobalSection(SharedMSBuildProjectFiles) = preSolution
		TestApps\Universal\Komodex.TestApp\Komodex.TestApp.Shared\Komodex.TestApp.Shared.projitems*{8233d3b4-89ae-496d-9548-d22a729c8c9b}*SharedItemsImports = 4
		TestApps\Universal\Komodex.TestApp\Komodex.TestApp.Shared\Komodex.TestApp.Shared.projitems*{384e692c-474b-4fc8-b8c9-7f5e368a9c19}*SharedItemsImports = 13
		TestApps\Universal\Komodex.TestApp\Komodex.TestApp.Shared\Komodex.TestApp.Shared.projitems*{3b0df3fe-8108-46a6-94fd-cc3c137e7667}*SharedItemsImports = 4
	EndGlobalSection
	GlobalSection(SolutionConfigurationPlatforms) = preSolution
		Debug|Any CPU = Debug|Any CPU
		Debug|ARM = Debug|ARM
		Debug|x64 = Debug|x64
		Debug|x86 = Debug|x86
		Release|Any CPU = Release|Any CPU
		Release|ARM = Release|ARM
		Release|x64 = Release|x64
		Release|x86 = Release|x86
	EndGlobalSection
	GlobalSection(ProjectConfigurationPlatforms) = postSolution
		{3B0DF3FE-8108-46A6-94FD-CC3C137E7667}.Debug|Any CPU.ActiveCfg = Debug|Any CPU
		{3B0DF3FE-8108-46A6-94FD-CC3C137E7667}.Debug|Any CPU.Build.0 = Debug|Any CPU
		{3B0DF3FE-8108-46A6-94FD-CC3C137E7667}.Debug|Any CPU.Deploy.0 = Debug|Any CPU
		{3B0DF3FE-8108-46A6-94FD-CC3C137E7667}.Debug|ARM.ActiveCfg = Debug|ARM
		{3B0DF3FE-8108-46A6-94FD-CC3C137E7667}.Debug|ARM.Build.0 = Debug|ARM
		{3B0DF3FE-8108-46A6-94FD-CC3C137E7667}.Debug|ARM.Deploy.0 = Debug|ARM
		{3B0DF3FE-8108-46A6-94FD-CC3C137E7667}.Debug|x64.ActiveCfg = Debug|x64
		{3B0DF3FE-8108-46A6-94FD-CC3C137E7667}.Debug|x64.Build.0 = Debug|x64
		{3B0DF3FE-8108-46A6-94FD-CC3C137E7667}.Debug|x64.Deploy.0 = Debug|x64
		{3B0DF3FE-8108-46A6-94FD-CC3C137E7667}.Debug|x86.ActiveCfg = Debug|x86
		{3B0DF3FE-8108-46A6-94FD-CC3C137E7667}.Debug|x86.Build.0 = Debug|x86
		{3B0DF3FE-8108-46A6-94FD-CC3C137E7667}.Debug|x86.Deploy.0 = Debug|x86
		{3B0DF3FE-8108-46A6-94FD-CC3C137E7667}.Release|Any CPU.ActiveCfg = Release|Any CPU
		{3B0DF3FE-8108-46A6-94FD-CC3C137E7667}.Release|Any CPU.Build.0 = Release|Any CPU
		{3B0DF3FE-8108-46A6-94FD-CC3C137E7667}.Release|Any CPU.Deploy.0 = Release|Any CPU
		{3B0DF3FE-8108-46A6-94FD-CC3C137E7667}.Release|ARM.ActiveCfg = Release|ARM
		{3B0DF3FE-8108-46A6-94FD-CC3C137E7667}.Release|ARM.Build.0 = Release|ARM
		{3B0DF3FE-8108-46A6-94FD-CC3C137E7667}.Release|ARM.Deploy.0 = Release|ARM
		{3B0DF3FE-8108-46A6-94FD-CC3C137E7667}.Release|x64.ActiveCfg = Release|x64
		{3B0DF3FE-8108-46A6-94FD-CC3C137E7667}.Release|x64.Build.0 = Release|x64
		{3B0DF3FE-8108-46A6-94FD-CC3C137E7667}.Release|x64.Deploy.0 = Release|x64
		{3B0DF3FE-8108-46A6-94FD-CC3C137E7667}.Release|x86.ActiveCfg = Release|x86
		{3B0DF3FE-8108-46A6-94FD-CC3C137E7667}.Release|x86.Build.0 = Release|x86
		{3B0DF3FE-8108-46A6-94FD-CC3C137E7667}.Release|x86.Deploy.0 = Release|x86
		{8233D3B4-89AE-496D-9548-D22A729C8C9B}.Debug|Any CPU.ActiveCfg = Debug|Any CPU
		{8233D3B4-89AE-496D-9548-D22A729C8C9B}.Debug|Any CPU.Build.0 = Debug|Any CPU
		{8233D3B4-89AE-496D-9548-D22A729C8C9B}.Debug|Any CPU.Deploy.0 = Debug|Any CPU
		{8233D3B4-89AE-496D-9548-D22A729C8C9B}.Debug|ARM.ActiveCfg = Debug|ARM
		{8233D3B4-89AE-496D-9548-D22A729C8C9B}.Debug|ARM.Build.0 = Debug|ARM
		{8233D3B4-89AE-496D-9548-D22A729C8C9B}.Debug|ARM.Deploy.0 = Debug|ARM
		{8233D3B4-89AE-496D-9548-D22A729C8C9B}.Debug|x64.ActiveCfg = Debug|Any CPU
		{8233D3B4-89AE-496D-9548-D22A729C8C9B}.Debug|x86.ActiveCfg = Debug|x86
		{8233D3B4-89AE-496D-9548-D22A729C8C9B}.Debug|x86.Build.0 = Debug|x86
		{8233D3B4-89AE-496D-9548-D22A729C8C9B}.Debug|x86.Deploy.0 = Debug|x86
		{8233D3B4-89AE-496D-9548-D22A729C8C9B}.Release|Any CPU.ActiveCfg = Release|Any CPU
		{8233D3B4-89AE-496D-9548-D22A729C8C9B}.Release|Any CPU.Build.0 = Release|Any CPU
		{8233D3B4-89AE-496D-9548-D22A729C8C9B}.Release|Any CPU.Deploy.0 = Release|Any CPU
		{8233D3B4-89AE-496D-9548-D22A729C8C9B}.Release|ARM.ActiveCfg = Release|ARM
		{8233D3B4-89AE-496D-9548-D22A729C8C9B}.Release|ARM.Build.0 = Release|ARM
		{8233D3B4-89AE-496D-9548-D22A729C8C9B}.Release|ARM.Deploy.0 = Release|ARM
		{8233D3B4-89AE-496D-9548-D22A729C8C9B}.Release|x64.ActiveCfg = Release|Any CPU
		{8233D3B4-89AE-496D-9548-D22A729C8C9B}.Release|x86.ActiveCfg = Release|x86
		{8233D3B4-89AE-496D-9548-D22A729C8C9B}.Release|x86.Build.0 = Release|x86
		{8233D3B4-89AE-496D-9548-D22A729C8C9B}.Release|x86.Deploy.0 = Release|x86
		{A203E317-805E-4860-A961-8BC5488B3096}.Debug|Any CPU.ActiveCfg = Debug|Any CPU
		{A203E317-805E-4860-A961-8BC5488B3096}.Debug|Any CPU.Build.0 = Debug|Any CPU
		{A203E317-805E-4860-A961-8BC5488B3096}.Debug|ARM.ActiveCfg = Debug|Any CPU
		{A203E317-805E-4860-A961-8BC5488B3096}.Debug|x64.ActiveCfg = Debug|Any CPU
		{A203E317-805E-4860-A961-8BC5488B3096}.Debug|x86.ActiveCfg = Debug|Any CPU
		{A203E317-805E-4860-A961-8BC5488B3096}.Release|Any CPU.ActiveCfg = Release|Any CPU
		{A203E317-805E-4860-A961-8BC5488B3096}.Release|Any CPU.Build.0 = Release|Any CPU
		{A203E317-805E-4860-A961-8BC5488B3096}.Release|ARM.ActiveCfg = Release|Any CPU
		{A203E317-805E-4860-A961-8BC5488B3096}.Release|x64.ActiveCfg = Release|Any CPU
		{A203E317-805E-4860-A961-8BC5488B3096}.Release|x86.ActiveCfg = Release|Any CPU
		{710285BA-2B4E-4E80-A48C-2249E08E3580}.Debug|Any CPU.ActiveCfg = Debug|Any CPU
		{710285BA-2B4E-4E80-A48C-2249E08E3580}.Debug|Any CPU.Build.0 = Debug|Any CPU
		{710285BA-2B4E-4E80-A48C-2249E08E3580}.Debug|ARM.ActiveCfg = Debug|Any CPU
		{710285BA-2B4E-4E80-A48C-2249E08E3580}.Debug|x64.ActiveCfg = Debug|Any CPU
		{710285BA-2B4E-4E80-A48C-2249E08E3580}.Debug|x86.ActiveCfg = Debug|Any CPU
		{710285BA-2B4E-4E80-A48C-2249E08E3580}.Release|Any CPU.ActiveCfg = Release|Any CPU
		{710285BA-2B4E-4E80-A48C-2249E08E3580}.Release|Any CPU.Build.0 = Release|Any CPU
		{710285BA-2B4E-4E80-A48C-2249E08E3580}.Release|ARM.ActiveCfg = Release|Any CPU
		{710285BA-2B4E-4E80-A48C-2249E08E3580}.Release|x64.ActiveCfg = Release|Any CPU
		{710285BA-2B4E-4E80-A48C-2249E08E3580}.Release|x86.ActiveCfg = Release|Any CPU
	EndGlobalSection
	GlobalSection(SolutionProperties) = preSolution
		HideSolutionNode = FALSE
	EndGlobalSection
	GlobalSection(NestedProjects) = preSolution
		{384E692C-474B-4FC8-B8C9-7F5E368A9C19} = {8078CF93-3919-4083-AF2E-6FD1CBB0B875}
		{3B0DF3FE-8108-46A6-94FD-CC3C137E7667} = {8078CF93-3919-4083-AF2E-6FD1CBB0B875}
		{8233D3B4-89AE-496D-9548-D22A729C8C9B} = {8078CF93-3919-4083-AF2E-6FD1CBB0B875}
		{A203E317-805E-4860-A961-8BC5488B3096} = {505FF039-0326-4601-8524-6995262355F1}
		{710285BA-2B4E-4E80-A48C-2249E08E3580} = {505FF039-0326-4601-8524-6995262355F1}
	EndGlobalSection
EndGlobal
