
Microsoft Visual Studio Solution File, Format Version 12.00
# Visual Studio 2013
VisualStudioVersion = 12.0.21005.1
MinimumVisualStudioVersion = 10.0.40219.1
Project("{FAE04EC0-301F-11D3-BF4B-00C04F79EFBC}") = "Komodex.CommonLibrariesTestApp", "TestApps\Win8\Komodex.CommonLibrariesTestApp\Komodex.CommonLibrariesTestApp.csproj", "{AAD39147-7DD7-47FB-96E8-E1F2E0B1340E}"
EndProject
Project("{2150E333-8FDC-42A3-9474-1A3956D46DE8}") = "Libraries", "Libraries", "{660C3BAC-741E-43D4-A497-DBEBF5132DC9}"
EndProject
Project("{FAE04EC0-301F-11D3-BF4B-00C04F79EFBC}") = "Komodex.Common (Win8)", "Libraries\Komodex.Common (Win8)\Komodex.Common (Win8).csproj", "{4A1BEEBE-A56B-42D9-B34F-13533F757BCC}"
EndProject
Project("{FAE04EC0-301F-11D3-BF4B-00C04F79EFBC}") = "Komodex.Bonjour (Win8)", "Libraries\Komodex.Bonjour (Win8)\Komodex.Bonjour (Win8).csproj", "{B0538439-B0B5-4AA1-A9E1-1FD08599958F}"
EndProject
Project("{FAE04EC0-301F-11D3-BF4B-00C04F79EFBC}") = "Komodex.HTTP (Win8)", "Libraries\Komodex.HTTP (Win8)\Komodex.HTTP (Win8).csproj", "{4C0BC047-8F15-40BD-B811-7836A3517578}"
EndProject
Global
	GlobalSection(SolutionConfigurationPlatforms) = preSolution
		Debug|Any CPU = Debug|Any CPU
		Debug|ARM = Debug|ARM
		Debug|x64 = Debug|x64
		Debug|x86 = Debug|x86
		Release|Any CPU = Release|Any CPU
		Release|ARM = Release|ARM
		Release|x64 = Release|x64
		Release|x86 = Release|x86
	EndGlobalSection
	GlobalSection(ProjectConfigurationPlatforms) = postSolution
		{AAD39147-7DD7-47FB-96E8-E1F2E0B1340E}.Debug|Any CPU.ActiveCfg = Debug|Any CPU
		{AAD39147-7DD7-47FB-96E8-E1F2E0B1340E}.Debug|Any CPU.Build.0 = Debug|Any CPU
		{AAD39147-7DD7-47FB-96E8-E1F2E0B1340E}.Debug|Any CPU.Deploy.0 = Debug|Any CPU
		{AAD39147-7DD7-47FB-96E8-E1F2E0B1340E}.Debug|ARM.ActiveCfg = Debug|ARM
		{AAD39147-7DD7-47FB-96E8-E1F2E0B1340E}.Debug|ARM.Build.0 = Debug|ARM
		{AAD39147-7DD7-47FB-96E8-E1F2E0B1340E}.Debug|ARM.Deploy.0 = Debug|ARM
		{AAD39147-7DD7-47FB-96E8-E1F2E0B1340E}.Debug|x64.ActiveCfg = Debug|x64
		{AAD39147-7DD7-47FB-96E8-E1F2E0B1340E}.Debug|x64.Build.0 = Debug|x64
		{AAD39147-7DD7-47FB-96E8-E1F2E0B1340E}.Debug|x64.Deploy.0 = Debug|x64
		{AAD39147-7DD7-47FB-96E8-E1F2E0B1340E}.Debug|x86.ActiveCfg = Debug|x86
		{AAD39147-7DD7-47FB-96E8-E1F2E0B1340E}.Debug|x86.Build.0 = Debug|x86
		{AAD39147-7DD7-47FB-96E8-E1F2E0B1340E}.Debug|x86.Deploy.0 = Debug|x86
		{AAD39147-7DD7-47FB-96E8-E1F2E0B1340E}.Release|Any CPU.ActiveCfg = Release|Any CPU
		{AAD39147-7DD7-47FB-96E8-E1F2E0B1340E}.Release|Any CPU.Build.0 = Release|Any CPU
		{AAD39147-7DD7-47FB-96E8-E1F2E0B1340E}.Release|Any CPU.Deploy.0 = Release|Any CPU
		{AAD39147-7DD7-47FB-96E8-E1F2E0B1340E}.Release|ARM.ActiveCfg = Release|ARM
		{AAD39147-7DD7-47FB-96E8-E1F2E0B1340E}.Release|ARM.Build.0 = Release|ARM
		{AAD39147-7DD7-47FB-96E8-E1F2E0B1340E}.Release|ARM.Deploy.0 = Release|ARM
		{AAD39147-7DD7-47FB-96E8-E1F2E0B1340E}.Release|x64.ActiveCfg = Release|x64
		{AAD39147-7DD7-47FB-96E8-E1F2E0B1340E}.Release|x64.Build.0 = Release|x64
		{AAD39147-7DD7-47FB-96E8-E1F2E0B1340E}.Release|x64.Deploy.0 = Release|x64
		{AAD39147-7DD7-47FB-96E8-E1F2E0B1340E}.Release|x86.ActiveCfg = Release|x86
		{AAD39147-7DD7-47FB-96E8-E1F2E0B1340E}.Release|x86.Build.0 = Release|x86
		{AAD39147-7DD7-47FB-96E8-E1F2E0B1340E}.Release|x86.Deploy.0 = Release|x86
		{4A1BEEBE-A56B-42D9-B34F-13533F757BCC}.Debug|Any CPU.ActiveCfg = Debug|Any CPU
		{4A1BEEBE-A56B-42D9-B34F-13533F757BCC}.Debug|Any CPU.Build.0 = Debug|Any CPU
		{4A1BEEBE-A56B-42D9-B34F-13533F757BCC}.Debug|ARM.ActiveCfg = Debug|ARM
		{4A1BEEBE-A56B-42D9-B34F-13533F757BCC}.Debug|ARM.Build.0 = Debug|ARM
		{4A1BEEBE-A56B-42D9-B34F-13533F757BCC}.Debug|x64.ActiveCfg = Debug|x64
		{4A1BEEBE-A56B-42D9-B34F-13533F757BCC}.Debug|x64.Build.0 = Debug|x64
		{4A1BEEBE-A56B-42D9-B34F-13533F757BCC}.Debug|x86.ActiveCfg = Debug|x86
		{4A1BEEBE-A56B-42D9-B34F-13533F757BCC}.Debug|x86.Build.0 = Debug|x86
		{4A1BEEBE-A56B-42D9-B34F-13533F757BCC}.Release|Any CPU.ActiveCfg = Release|Any CPU
		{4A1BEEBE-A56B-42D9-B34F-13533F757BCC}.Release|Any CPU.Build.0 = Release|Any CPU
		{4A1BEEBE-A56B-42D9-B34F-13533F757BCC}.Release|ARM.ActiveCfg = Release|ARM
		{4A1BEEBE-A56B-42D9-B34F-13533F757BCC}.Release|ARM.Build.0 = Release|ARM
		{4A1BEEBE-A56B-42D9-B34F-13533F757BCC}.Release|x64.ActiveCfg = Release|x64
		{4A1BEEBE-A56B-42D9-B34F-13533F757BCC}.Release|x64.Build.0 = Release|x64
		{4A1BEEBE-A56B-42D9-B34F-13533F757BCC}.Release|x86.ActiveCfg = Release|x86
		{4A1BEEBE-A56B-42D9-B34F-13533F757BCC}.Release|x86.Build.0 = Release|x86
		{B0538439-B0B5-4AA1-A9E1-1FD08599958F}.Debug|Any CPU.ActiveCfg = Debug|Any CPU
		{B0538439-B0B5-4AA1-A9E1-1FD08599958F}.Debug|Any CPU.Build.0 = Debug|Any CPU
		{B0538439-B0B5-4AA1-A9E1-1FD08599958F}.Debug|ARM.ActiveCfg = Debug|ARM
		{B0538439-B0B5-4AA1-A9E1-1FD08599958F}.Debug|ARM.Build.0 = Debug|ARM
		{B0538439-B0B5-4AA1-A9E1-1FD08599958F}.Debug|x64.ActiveCfg = Debug|x64
		{B0538439-B0B5-4AA1-A9E1-1FD08599958F}.Debug|x64.Build.0 = Debug|x64
		{B0538439-B0B5-4AA1-A9E1-1FD08599958F}.Debug|x86.ActiveCfg = Debug|x86
		{B0538439-B0B5-4AA1-A9E1-1FD08599958F}.Debug|x86.Build.0 = Debug|x86
		{B0538439-B0B5-4AA1-A9E1-1FD08599958F}.Release|Any CPU.ActiveCfg = Release|Any CPU
		{B0538439-B0B5-4AA1-A9E1-1FD08599958F}.Release|Any CPU.Build.0 = Release|Any CPU
		{B0538439-B0B5-4AA1-A9E1-1FD08599958F}.Release|ARM.ActiveCfg = Release|ARM
		{B0538439-B0B5-4AA1-A9E1-1FD08599958F}.Release|ARM.Build.0 = Release|ARM
		{B0538439-B0B5-4AA1-A9E1-1FD08599958F}.Release|x64.ActiveCfg = Release|x64
		{B0538439-B0B5-4AA1-A9E1-1FD08599958F}.Release|x64.Build.0 = Release|x64
		{B0538439-B0B5-4AA1-A9E1-1FD08599958F}.Release|x86.ActiveCfg = Release|x86
		{B0538439-B0B5-4AA1-A9E1-1FD08599958F}.Release|x86.Build.0 = Release|x86
		{4C0BC047-8F15-40BD-B811-7836A3517578}.Debug|Any CPU.ActiveCfg = Debug|Any CPU
		{4C0BC047-8F15-40BD-B811-7836A3517578}.Debug|Any CPU.Build.0 = Debug|Any CPU
		{4C0BC047-8F15-40BD-B811-7836A3517578}.Debug|ARM.ActiveCfg = Debug|ARM
		{4C0BC047-8F15-40BD-B811-7836A3517578}.Debug|ARM.Build.0 = Debug|ARM
		{4C0BC047-8F15-40BD-B811-7836A3517578}.Debug|x64.ActiveCfg = Debug|x64
		{4C0BC047-8F15-40BD-B811-7836A3517578}.Debug|x64.Build.0 = Debug|x64
		{4C0BC047-8F15-40BD-B811-7836A3517578}.Debug|x86.ActiveCfg = Debug|x86
		{4C0BC047-8F15-40BD-B811-7836A3517578}.Debug|x86.Build.0 = Debug|x86
		{4C0BC047-8F15-40BD-B811-7836A3517578}.Release|Any CPU.ActiveCfg = Release|Any CPU
		{4C0BC047-8F15-40BD-B811-7836A3517578}.Release|Any CPU.Build.0 = Release|Any CPU
		{4C0BC047-8F15-40BD-B811-7836A3517578}.Release|ARM.ActiveCfg = Release|ARM
		{4C0BC047-8F15-40BD-B811-7836A3517578}.Release|ARM.Build.0 = Release|ARM
		{4C0BC047-8F15-40BD-B811-7836A3517578}.Release|x64.ActiveCfg = Release|x64
		{4C0BC047-8F15-40BD-B811-7836A3517578}.Release|x64.Build.0 = Release|x64
		{4C0BC047-8F15-40BD-B811-7836A3517578}.Release|x86.ActiveCfg = Release|x86
		{4C0BC047-8F15-40BD-B811-7836A3517578}.Release|x86.Build.0 = Release|x86
	EndGlobalSection
	GlobalSection(SolutionProperties) = preSolution
		HideSolutionNode = FALSE
	EndGlobalSection
	GlobalSection(NestedProjects) = preSolution
		{4A1BEEBE-A56B-42D9-B34F-13533F757BCC} = {660C3BAC-741E-43D4-A497-DBEBF5132DC9}
		{B0538439-B0B5-4AA1-A9E1-1FD08599958F} = {660C3BAC-741E-43D4-A497-DBEBF5132DC9}
		{4C0BC047-8F15-40BD-B811-7836A3517578} = {660C3BAC-741E-43D4-A497-DBEBF5132DC9}
	EndGlobalSection
EndGlobal
