
Microsoft Visual Studio Solution File, Format Version 12.00
# Visual Studio 2012
Project("{FAE04EC0-301F-11D3-BF4B-00C04F79EFBC}") = "Komodex.CommonLibrariesTestApp", "TestApps\WP8\Komodex.CommonLibrariesTestApp\Komodex.CommonLibrariesTestApp.csproj", "{21B81D56-496B-4EEF-9DAA-292696907B75}"
EndProject
Project("{2150E333-8FDC-42A3-9474-1A3956D46DE8}") = "Libraries", "Libraries", "{5DB66EFE-E82E-474F-989F-B6BDFC0B858E}"
EndProject
Project("{FAE04EC0-301F-11D3-BF4B-00C04F79EFBC}") = "Microsoft.Phone.Controls.Toolkit.WP8", "Libraries\Microsoft.Phone.Controls.Toolkit\Microsoft.Phone.Controls.Toolkit.WP8\Microsoft.Phone.Controls.Toolkit.WP8.csproj", "{486642F0-AB94-4F28-B49C-106CA3134239}"
EndProject
Project("{FAE04EC0-301F-11D3-BF4B-00C04F79EFBC}") = "Komodex.Common (WP8)", "Libraries\Komodex.Common (WP8)\Komodex.Common (WP8).csproj", "{47446A40-33DF-47E4-9071-23AF4B2C7006}"
EndProject
Project("{FAE04EC0-301F-11D3-BF4B-00C04F79EFBC}") = "Komodex.Common.Phone.UI (WP8)", "Libraries\Komodex.Common.Phone.UI (WP8)\Komodex.Common.Phone.UI (WP8).csproj", "{ED7B21D3-43C4-4699-977F-E6043E4BE516}"
EndProject
Project("{FAE04EC0-301F-11D3-BF4B-00C04F79EFBC}") = "Clarity.PageTransitions (WP8)", "Libraries\Clarity.PageTransitions (WP8)\Clarity.PageTransitions (WP8).csproj", "{A0C2A02F-A33B-4869-ADC3-1A48743E26B2}"
EndProject
Project("{FAE04EC0-301F-11D3-BF4B-00C04F79EFBC}") = "Komodex.Bonjour (WP8)", "Libraries\Komodex.Bonjour (WP8)\Komodex.Bonjour (WP8).csproj", "{357BA6E8-4239-4C7C-8A92-D5E6A878EB15}"
EndProject
Global
	GlobalSection(SolutionConfigurationPlatforms) = preSolution
		Debug|Any CPU = Debug|Any CPU
		Debug|ARM = Debug|ARM
		Debug|x86 = Debug|x86
		Release|Any CPU = Release|Any CPU
		Release|ARM = Release|ARM
		Release|x86 = Release|x86
	EndGlobalSection
	GlobalSection(ProjectConfigurationPlatforms) = postSolution
		{21B81D56-496B-4EEF-9DAA-292696907B75}.Debug|Any CPU.ActiveCfg = Debug|Any CPU
		{21B81D56-496B-4EEF-9DAA-292696907B75}.Debug|Any CPU.Build.0 = Debug|Any CPU
		{21B81D56-496B-4EEF-9DAA-292696907B75}.Debug|Any CPU.Deploy.0 = Debug|Any CPU
		{21B81D56-496B-4EEF-9DAA-292696907B75}.Debug|ARM.ActiveCfg = Debug|ARM
		{21B81D56-496B-4EEF-9DAA-292696907B75}.Debug|ARM.Build.0 = Debug|ARM
		{21B81D56-496B-4EEF-9DAA-292696907B75}.Debug|ARM.Deploy.0 = Debug|ARM
		{21B81D56-496B-4EEF-9DAA-292696907B75}.Debug|x86.ActiveCfg = Debug|x86
		{21B81D56-496B-4EEF-9DAA-292696907B75}.Debug|x86.Build.0 = Debug|x86
		{21B81D56-496B-4EEF-9DAA-292696907B75}.Debug|x86.Deploy.0 = Debug|x86
		{21B81D56-496B-4EEF-9DAA-292696907B75}.Release|Any CPU.ActiveCfg = Release|Any CPU
		{21B81D56-496B-4EEF-9DAA-292696907B75}.Release|Any CPU.Build.0 = Release|Any CPU
		{21B81D56-496B-4EEF-9DAA-292696907B75}.Release|Any CPU.Deploy.0 = Release|Any CPU
		{21B81D56-496B-4EEF-9DAA-292696907B75}.Release|ARM.ActiveCfg = Release|ARM
		{21B81D56-496B-4EEF-9DAA-292696907B75}.Release|ARM.Build.0 = Release|ARM
		{21B81D56-496B-4EEF-9DAA-292696907B75}.Release|ARM.Deploy.0 = Release|ARM
		{21B81D56-496B-4EEF-9DAA-292696907B75}.Release|x86.ActiveCfg = Release|x86
		{21B81D56-496B-4EEF-9DAA-292696907B75}.Release|x86.Build.0 = Release|x86
		{21B81D56-496B-4EEF-9DAA-292696907B75}.Release|x86.Deploy.0 = Release|x86
		{486642F0-AB94-4F28-B49C-106CA3134239}.Debug|Any CPU.ActiveCfg = Debug|Any CPU
		{486642F0-AB94-4F28-B49C-106CA3134239}.Debug|Any CPU.Build.0 = Debug|Any CPU
		{486642F0-AB94-4F28-B49C-106CA3134239}.Debug|ARM.ActiveCfg = Debug|ARM
		{486642F0-AB94-4F28-B49C-106CA3134239}.Debug|ARM.Build.0 = Debug|ARM
		{486642F0-AB94-4F28-B49C-106CA3134239}.Debug|x86.ActiveCfg = Debug|x86
		{486642F0-AB94-4F28-B49C-106CA3134239}.Debug|x86.Build.0 = Debug|x86
		{486642F0-AB94-4F28-B49C-106CA3134239}.Release|Any CPU.ActiveCfg = Release|Any CPU
		{486642F0-AB94-4F28-B49C-106CA3134239}.Release|Any CPU.Build.0 = Release|Any CPU
		{486642F0-AB94-4F28-B49C-106CA3134239}.Release|ARM.ActiveCfg = Release|ARM
		{486642F0-AB94-4F28-B49C-106CA3134239}.Release|ARM.Build.0 = Release|ARM
		{486642F0-AB94-4F28-B49C-106CA3134239}.Release|x86.ActiveCfg = Release|x86
		{486642F0-AB94-4F28-B49C-106CA3134239}.Release|x86.Build.0 = Release|x86
		{47446A40-33DF-47E4-9071-23AF4B2C7006}.Debug|Any CPU.ActiveCfg = Debug|Any CPU
		{47446A40-33DF-47E4-9071-23AF4B2C7006}.Debug|Any CPU.Build.0 = Debug|Any CPU
		{47446A40-33DF-47E4-9071-23AF4B2C7006}.Debug|ARM.ActiveCfg = Debug|ARM
		{47446A40-33DF-47E4-9071-23AF4B2C7006}.Debug|ARM.Build.0 = Debug|ARM
		{47446A40-33DF-47E4-9071-23AF4B2C7006}.Debug|x86.ActiveCfg = Debug|x86
		{47446A40-33DF-47E4-9071-23AF4B2C7006}.Debug|x86.Build.0 = Debug|x86
		{47446A40-33DF-47E4-9071-23AF4B2C7006}.Release|Any CPU.ActiveCfg = Release|Any CPU
		{47446A40-33DF-47E4-9071-23AF4B2C7006}.Release|Any CPU.Build.0 = Release|Any CPU
		{47446A40-33DF-47E4-9071-23AF4B2C7006}.Release|ARM.ActiveCfg = Release|ARM
		{47446A40-33DF-47E4-9071-23AF4B2C7006}.Release|ARM.Build.0 = Release|ARM
		{47446A40-33DF-47E4-9071-23AF4B2C7006}.Release|x86.ActiveCfg = Release|x86
		{47446A40-33DF-47E4-9071-23AF4B2C7006}.Release|x86.Build.0 = Release|x86
		{ED7B21D3-43C4-4699-977F-E6043E4BE516}.Debug|Any CPU.ActiveCfg = Debug|Any CPU
		{ED7B21D3-43C4-4699-977F-E6043E4BE516}.Debug|Any CPU.Build.0 = Debug|Any CPU
		{ED7B21D3-43C4-4699-977F-E6043E4BE516}.Debug|ARM.ActiveCfg = Debug|ARM
		{ED7B21D3-43C4-4699-977F-E6043E4BE516}.Debug|ARM.Build.0 = Debug|ARM
		{ED7B21D3-43C4-4699-977F-E6043E4BE516}.Debug|x86.ActiveCfg = Debug|x86
		{ED7B21D3-43C4-4699-977F-E6043E4BE516}.Debug|x86.Build.0 = Debug|x86
		{ED7B21D3-43C4-4699-977F-E6043E4BE516}.Release|Any CPU.ActiveCfg = Release|Any CPU
		{ED7B21D3-43C4-4699-977F-E6043E4BE516}.Release|Any CPU.Build.0 = Release|Any CPU
		{ED7B21D3-43C4-4699-977F-E6043E4BE516}.Release|ARM.ActiveCfg = Release|ARM
		{ED7B21D3-43C4-4699-977F-E6043E4BE516}.Release|ARM.Build.0 = Release|ARM
		{ED7B21D3-43C4-4699-977F-E6043E4BE516}.Release|x86.ActiveCfg = Release|x86
		{ED7B21D3-43C4-4699-977F-E6043E4BE516}.Release|x86.Build.0 = Release|x86
		{A0C2A02F-A33B-4869-ADC3-1A48743E26B2}.Debug|Any CPU.ActiveCfg = Debug|Any CPU
		{A0C2A02F-A33B-4869-ADC3-1A48743E26B2}.Debug|Any CPU.Build.0 = Debug|Any CPU
		{A0C2A02F-A33B-4869-ADC3-1A48743E26B2}.Debug|ARM.ActiveCfg = Debug|ARM
		{A0C2A02F-A33B-4869-ADC3-1A48743E26B2}.Debug|ARM.Build.0 = Debug|ARM
		{A0C2A02F-A33B-4869-ADC3-1A48743E26B2}.Debug|x86.ActiveCfg = Debug|x86
		{A0C2A02F-A33B-4869-ADC3-1A48743E26B2}.Debug|x86.Build.0 = Debug|x86
		{A0C2A02F-A33B-4869-ADC3-1A48743E26B2}.Release|Any CPU.ActiveCfg = Release|Any CPU
		{A0C2A02F-A33B-4869-ADC3-1A48743E26B2}.Release|Any CPU.Build.0 = Release|Any CPU
		{A0C2A02F-A33B-4869-ADC3-1A48743E26B2}.Release|ARM.ActiveCfg = Release|ARM
		{A0C2A02F-A33B-4869-ADC3-1A48743E26B2}.Release|ARM.Build.0 = Release|ARM
		{A0C2A02F-A33B-4869-ADC3-1A48743E26B2}.Release|x86.ActiveCfg = Release|x86
		{A0C2A02F-A33B-4869-ADC3-1A48743E26B2}.Release|x86.Build.0 = Release|x86
		{357BA6E8-4239-4C7C-8A92-D5E6A878EB15}.Debug|Any CPU.ActiveCfg = Debug|Any CPU
		{357BA6E8-4239-4C7C-8A92-D5E6A878EB15}.Debug|Any CPU.Build.0 = Debug|Any CPU
		{357BA6E8-4239-4C7C-8A92-D5E6A878EB15}.Debug|ARM.ActiveCfg = Debug|ARM
		{357BA6E8-4239-4C7C-8A92-D5E6A878EB15}.Debug|ARM.Build.0 = Debug|ARM
		{357BA6E8-4239-4C7C-8A92-D5E6A878EB15}.Debug|x86.ActiveCfg = Debug|x86
		{357BA6E8-4239-4C7C-8A92-D5E6A878EB15}.Debug|x86.Build.0 = Debug|x86
		{357BA6E8-4239-4C7C-8A92-D5E6A878EB15}.Release|Any CPU.ActiveCfg = Release|Any CPU
		{357BA6E8-4239-4C7C-8A92-D5E6A878EB15}.Release|Any CPU.Build.0 = Release|Any CPU
		{357BA6E8-4239-4C7C-8A92-D5E6A878EB15}.Release|ARM.ActiveCfg = Release|ARM
		{357BA6E8-4239-4C7C-8A92-D5E6A878EB15}.Release|ARM.Build.0 = Release|ARM
		{357BA6E8-4239-4C7C-8A92-D5E6A878EB15}.Release|x86.ActiveCfg = Release|x86
		{357BA6E8-4239-4C7C-8A92-D5E6A878EB15}.Release|x86.Build.0 = Release|x86
	EndGlobalSection
	GlobalSection(SolutionProperties) = preSolution
		HideSolutionNode = FALSE
	EndGlobalSection
	GlobalSection(NestedProjects) = preSolution
		{486642F0-AB94-4F28-B49C-106CA3134239} = {5DB66EFE-E82E-474F-989F-B6BDFC0B858E}
		{47446A40-33DF-47E4-9071-23AF4B2C7006} = {5DB66EFE-E82E-474F-989F-B6BDFC0B858E}
		{ED7B21D3-43C4-4699-977F-E6043E4BE516} = {5DB66EFE-E82E-474F-989F-B6BDFC0B858E}
		{A0C2A02F-A33B-4869-ADC3-1A48743E26B2} = {5DB66EFE-E82E-474F-989F-B6BDFC0B858E}
		{357BA6E8-4239-4C7C-8A92-D5E6A878EB15} = {5DB66EFE-E82E-474F-989F-B6BDFC0B858E}
	EndGlobalSection
EndGlobal
